{
    "_readme": [
        "This file locks the dependencies of your project to a known state",
        "Read more about it at https://getcomposer.org/doc/01-basic-usage.md#installing-dependencies",
        "This file is @generated automatically"
    ],
    "content-hash": "6cdcc116a73e5cbfdbe372db1bac0c53",
    "packages": [
        {
            "name": "bariew/phpquery",
            "version": "1.0.3",
            "source": {
                "type": "git",
                "url": "https://github.com/bariew/phpquery.git",
                "reference": "233afd67f5d8188fa87b95ae9371e5aadd3dd927"
            },
            "dist": {
                "type": "zip",
                "url": "https://api.github.com/repos/bariew/phpquery/zipball/233afd67f5d8188fa87b95ae9371e5aadd3dd927",
                "reference": "233afd67f5d8188fa87b95ae9371e5aadd3dd927",
                "shasum": ""
            },
            "type": "library",
            "autoload": {
                "classmap": [
                    "phpQuery/"
                ]
            },
            "notification-url": "https://packagist.org/downloads/",
            "license": [
                "MIT"
            ],
            "authors": [
                {
                    "name": "Tobiasz Cudnik",
                    "email": "tobiasz.cudnik@gmail.com",
                    "homepage": "https://github.com/TobiaszCudnik",
                    "role": "Developer"
                },
                {
                    "name": "didier Belot",
                    "role": "Packager"
                }
            ],
            "description": "phpQuery is a server-side, chainable, CSS3 selector driven Document Object Model (DOM) API based on jQuery JavaScript Library",
            "homepage": "http://code.google.com/p/phpquery/",
            "support": {
                "source": "https://github.com/bariew/phpquery/tree/master"
            },
            "time": "2015-12-29T11:19:32+00:00"
        }
    ],
    "packages-dev": [],
    "aliases": [],
    "minimum-stability": "stable",
    "stability-flags": [],
    "prefer-stable": false,
    "prefer-lowest": false,
    "platform": {
        "php": "~7.0",
        "ext-mbstring": "*"
    },
    "platform-dev": [],
    "plugin-api-version": "2.1.0"
}
